// !$*UTF8*$!
{
	archiveVersion = 1;
	classes = {
	};
	objectVersion = 45;
	objects = {

/* Begin PBXBuildFile section */
		13A5745D1330F70A00469EFC /* Evento.m in Sources */ = {isa = PBXBuildFile; fileRef = 13A5745C1330F70A00469EFC /* Evento.m */; };
		13A574671330FABA00469EFC /* EventoViewController.m in Sources */ = {isa = PBXBuildFile; fileRef = 13A574651330FABA00469EFC /* EventoViewController.m */; };
		13A574681330FABA00469EFC /* EventoViewController.xib in Resources */ = {isa = PBXBuildFile; fileRef = 13A574661330FABA00469EFC /* EventoViewController.xib */; };
		1D3623260D0F684500981E51 /* AgendatechAppDelegate.m in Sources */ = {isa = PBXBuildFile; fileRef = 1D3623250D0F684500981E51 /* AgendatechAppDelegate.m */; };
		1D60589B0D05DD56006BFB54 /* main.m in Sources */ = {isa = PBXBuildFile; fileRef = 29B97316FDCFA39411CA2CEA /* main.m */; };
		1D60589F0D05DD5A006BFB54 /* Foundation.framework in Frameworks */ = {isa = PBXBuildFile; fileRef = 1D30AB110D05D00D00671497 /* Foundation.framework */; };
		1DF5F4E00D08C38300B7A737 /* UIKit.framework in Frameworks */ = {isa = PBXBuildFile; fileRef = 1DF5F4DF0D08C38300B7A737 /* UIKit.framework */; };
		2892E4100DC94CBA00A64D0F /* CoreGraphics.framework in Frameworks */ = {isa = PBXBuildFile; fileRef = 2892E40F0DC94CBA00A64D0F /* CoreGraphics.framework */; };
		28AD73600D9D9599002E5188 /* MainWindow.xib in Resources */ = {isa = PBXBuildFile; fileRef = 28AD735F0D9D9599002E5188 /* MainWindow.xib */; };
		28C286E10D94DF7D0034E888 /* RootViewController.m in Sources */ = {isa = PBXBuildFile; fileRef = 28C286E00D94DF7D0034E888 /* RootViewController.m */; };
		28F335F11007B36200424DE2 /* RootViewController.xib in Resources */ = {isa = PBXBuildFile; fileRef = 28F335F01007B36200424DE2 /* RootViewController.xib */; };
		E1F5DDA1138A8EC9001C25B9 /* ASIAuthenticationDialog.m in Sources */ = {isa = PBXBuildFile; fileRef = E1F5DD8E138A8EC9001C25B9 /* ASIAuthenticationDialog.m */; };
		E1F5DDA2138A8EC9001C25B9 /* ASIDataCompressor.m in Sources */ = {isa = PBXBuildFile; fileRef = E1F5DD91138A8EC9001C25B9 /* ASIDataCompressor.m */; };
		E1F5DDA3138A8EC9001C25B9 /* ASIDataDecompressor.m in Sources */ = {isa = PBXBuildFile; fileRef = E1F5DD93138A8EC9001C25B9 /* ASIDataDecompressor.m */; };
		E1F5DDA4138A8EC9001C25B9 /* ASIDownloadCache.m in Sources */ = {isa = PBXBuildFile; fileRef = E1F5DD95138A8EC9001C25B9 /* ASIDownloadCache.m */; };
		E1F5DDA5138A8EC9001C25B9 /* ASIFormDataRequest.m in Sources */ = {isa = PBXBuildFile; fileRef = E1F5DD97138A8EC9001C25B9 /* ASIFormDataRequest.m */; };
		E1F5DDA6138A8EC9001C25B9 /* ASIHTTPRequest.m in Sources */ = {isa = PBXBuildFile; fileRef = E1F5DD99138A8EC9001C25B9 /* ASIHTTPRequest.m */; };
		E1F5DDA7138A8EC9001C25B9 /* ASIInputStream.m in Sources */ = {isa = PBXBuildFile; fileRef = E1F5DD9D138A8EC9001C25B9 /* ASIInputStream.m */; };
		E1F5DDA8138A8EC9001C25B9 /* ASINetworkQueue.m in Sources */ = {isa = PBXBuildFile; fileRef = E1F5DD9F138A8EC9001C25B9 /* ASINetworkQueue.m */; };
		E1F5DDAC138A8EEA001C25B9 /* Reachability.m in Sources */ = {isa = PBXBuildFile; fileRef = E1F5DDAB138A8EEA001C25B9 /* Reachability.m */; };
		E1F5DDAE138A8F0C001C25B9 /* CFNetwork.framework in Frameworks */ = {isa = PBXBuildFile; fileRef = E1F5DDAD138A8F0C001C25B9 /* CFNetwork.framework */; };
		E1F5DDB2138A8F21001C25B9 /* MobileCoreServices.framework in Frameworks */ = {isa = PBXBuildFile; fileRef = E1F5DDB1138A8F21001C25B9 /* MobileCoreServices.framework */; };
		E1F5DDB6138A8F2D001C25B9 /* libz.1.2.3.dylib in Frameworks */ = {isa = PBXBuildFile; fileRef = E1F5DDB5138A8F2D001C25B9 /* libz.1.2.3.dylib */; };
		E1F5DDB8138A8F35001C25B9 /* SystemConfiguration.framework in Frameworks */ = {isa = PBXBuildFile; fileRef = E1F5DDB7138A8F35001C25B9 /* SystemConfiguration.framework */; };
		E1F5DE20138A9206001C25B9 /* CDataScanner.m in Sources */ = {isa = PBXBuildFile; fileRef = E1F5DE09138A9206001C25B9 /* CDataScanner.m */; };
		E1F5DE25138A9206001C25B9 /* CDataScanner_Extensions.m in Sources */ = {isa = PBXBuildFile; fileRef = E1F5DE15138A9206001C25B9 /* CDataScanner_Extensions.m */; };
		E1F5DE26138A9206001C25B9 /* NSDictionary_JSONExtensions.m in Sources */ = {isa = PBXBuildFile; fileRef = E1F5DE17138A9206001C25B9 /* NSDictionary_JSONExtensions.m */; };
		E1F5DE27138A9206001C25B9 /* CJSONDeserializer.m in Sources */ = {isa = PBXBuildFile; fileRef = E1F5DE1A138A9206001C25B9 /* CJSONDeserializer.m */; };
		E1F5DE28138A9206001C25B9 /* CJSONScanner.m in Sources */ = {isa = PBXBuildFile; fileRef = E1F5DE1C138A9206001C25B9 /* CJSONScanner.m */; };
		E1F5DE29138A9206001C25B9 /* CJSONSerializer.m in Sources */ = {isa = PBXBuildFile; fileRef = E1F5DE1E138A9206001C25B9 /* CJSONSerializer.m */; };
		E1F5DE2F138A9259001C25B9 /* EventosJsonParser.m in Sources */ = {isa = PBXBuildFile; fileRef = E1F5DE2E138A9259001C25B9 /* EventosJsonParser.m */; };
/* End PBXBuildFile section */

/* Begin PBXFileReference section */
		13A5745B1330F70A00469EFC /* Evento.h */ = {isa = PBXFileReference; fileEncoding = 4; lastKnownFileType = sourcecode.c.h; path = Evento.h; sourceTree = "<group>"; };
		13A5745C1330F70A00469EFC /* Evento.m */ = {isa = PBXFileReference; fileEncoding = 4; lastKnownFileType = sourcecode.c.objc; path = Evento.m; sourceTree = "<group>"; };
		13A574641330FABA00469EFC /* EventoViewController.h */ = {isa = PBXFileReference; fileEncoding = 4; lastKnownFileType = sourcecode.c.h; path = EventoViewController.h; sourceTree = "<group>"; };
		13A574651330FABA00469EFC /* EventoViewController.m */ = {isa = PBXFileReference; fileEncoding = 4; lastKnownFileType = sourcecode.c.objc; path = EventoViewController.m; sourceTree = "<group>"; };
		13A574661330FABA00469EFC /* EventoViewController.xib */ = {isa = PBXFileReference; lastKnownFileType = file.xib; path = EventoViewController.xib; sourceTree = "<group>"; };
		1D30AB110D05D00D00671497 /* Foundation.framework */ = {isa = PBXFileReference; lastKnownFileType = wrapper.framework; name = Foundation.framework; path = System/Library/Frameworks/Foundation.framework; sourceTree = SDKROOT; };
		1D3623240D0F684500981E51 /* AgendatechAppDelegate.h */ = {isa = PBXFileReference; fileEncoding = 4; lastKnownFileType = sourcecode.c.h; path = AgendatechAppDelegate.h; sourceTree = "<group>"; };
		1D3623250D0F684500981E51 /* AgendatechAppDelegate.m */ = {isa = PBXFileReference; fileEncoding = 4; lastKnownFileType = sourcecode.c.objc; path = AgendatechAppDelegate.m; sourceTree = "<group>"; };
		1D6058910D05DD3D006BFB54 /* Agendatech.app */ = {isa = PBXFileReference; explicitFileType = wrapper.application; includeInIndex = 0; path = Agendatech.app; sourceTree = BUILT_PRODUCTS_DIR; };
		1DF5F4DF0D08C38300B7A737 /* UIKit.framework */ = {isa = PBXFileReference; lastKnownFileType = wrapper.framework; name = UIKit.framework; path = System/Library/Frameworks/UIKit.framework; sourceTree = SDKROOT; };
		2892E40F0DC94CBA00A64D0F /* CoreGraphics.framework */ = {isa = PBXFileReference; lastKnownFileType = wrapper.framework; name = CoreGraphics.framework; path = System/Library/Frameworks/CoreGraphics.framework; sourceTree = SDKROOT; };
		28A0AAE50D9B0CCF005BE974 /* Agendatech_Prefix.pch */ = {isa = PBXFileReference; fileEncoding = 4; lastKnownFileType = sourcecode.c.h; path = Agendatech_Prefix.pch; sourceTree = "<group>"; };
		28AD735F0D9D9599002E5188 /* MainWindow.xib */ = {isa = PBXFileReference; lastKnownFileType = file.xib; path = MainWindow.xib; sourceTree = "<group>"; };
		28C286DF0D94DF7D0034E888 /* RootViewController.h */ = {isa = PBXFileReference; fileEncoding = 4; lastKnownFileType = sourcecode.c.h; path = RootViewController.h; sourceTree = "<group>"; };
		28C286E00D94DF7D0034E888 /* RootViewController.m */ = {isa = PBXFileReference; fileEncoding = 4; lastKnownFileType = sourcecode.c.objc; path = RootViewController.m; sourceTree = "<group>"; };
		28F335F01007B36200424DE2 /* RootViewController.xib */ = {isa = PBXFileReference; lastKnownFileType = file.xib; path = RootViewController.xib; sourceTree = "<group>"; };
		29B97316FDCFA39411CA2CEA /* main.m */ = {isa = PBXFileReference; fileEncoding = 4; lastKnownFileType = sourcecode.c.objc; path = main.m; sourceTree = "<group>"; };
		8D1107310486CEB800E47090 /* Agendatech-Info.plist */ = {isa = PBXFileReference; fileEncoding = 4; lastKnownFileType = text.plist.xml; path = "Agendatech-Info.plist"; plistStructureDefinitionIdentifier = "com.apple.xcode.plist.structure-definition.iphone.info-plist"; sourceTree = "<group>"; };
		E1F5DD8D138A8EC9001C25B9 /* ASIAuthenticationDialog.h */ = {isa = PBXFileReference; fileEncoding = 4; lastKnownFileType = sourcecode.c.h; path = ASIAuthenticationDialog.h; sourceTree = "<group>"; };
		E1F5DD8E138A8EC9001C25B9 /* ASIAuthenticationDialog.m */ = {isa = PBXFileReference; fileEncoding = 4; lastKnownFileType = sourcecode.c.objc; path = ASIAuthenticationDialog.m; sourceTree = "<group>"; };
		E1F5DD8F138A8EC9001C25B9 /* ASICacheDelegate.h */ = {isa = PBXFileReference; fileEncoding = 4; lastKnownFileType = sourcecode.c.h; path = ASICacheDelegate.h; sourceTree = "<group>"; };
		E1F5DD90138A8EC9001C25B9 /* ASIDataCompressor.h */ = {isa = PBXFileReference; fileEncoding = 4; lastKnownFileType = sourcecode.c.h; path = ASIDataCompressor.h; sourceTree = "<group>"; };
		E1F5DD91138A8EC9001C25B9 /* ASIDataCompressor.m */ = {isa = PBXFileReference; fileEncoding = 4; lastKnownFileType = sourcecode.c.objc; path = ASIDataCompressor.m; sourceTree = "<group>"; };
		E1F5DD92138A8EC9001C25B9 /* ASIDataDecompressor.h */ = {isa = PBXFileReference; fileEncoding = 4; lastKnownFileType = sourcecode.c.h; path = ASIDataDecompressor.h; sourceTree = "<group>"; };
		E1F5DD93138A8EC9001C25B9 /* ASIDataDecompressor.m */ = {isa = PBXFileReference; fileEncoding = 4; lastKnownFileType = sourcecode.c.objc; path = ASIDataDecompressor.m; sourceTree = "<group>"; };
		E1F5DD94138A8EC9001C25B9 /* ASIDownloadCache.h */ = {isa = PBXFileReference; fileEncoding = 4; lastKnownFileType = sourcecode.c.h; path = ASIDownloadCache.h; sourceTree = "<group>"; };
		E1F5DD95138A8EC9001C25B9 /* ASIDownloadCache.m */ = {isa = PBXFileReference; fileEncoding = 4; lastKnownFileType = sourcecode.c.objc; path = ASIDownloadCache.m; sourceTree = "<group>"; };
		E1F5DD96138A8EC9001C25B9 /* ASIFormDataRequest.h */ = {isa = PBXFileReference; fileEncoding = 4; lastKnownFileType = sourcecode.c.h; path = ASIFormDataRequest.h; sourceTree = "<group>"; };
		E1F5DD97138A8EC9001C25B9 /* ASIFormDataRequest.m */ = {isa = PBXFileReference; fileEncoding = 4; lastKnownFileType = sourcecode.c.objc; path = ASIFormDataRequest.m; sourceTree = "<group>"; };
		E1F5DD98138A8EC9001C25B9 /* ASIHTTPRequest.h */ = {isa = PBXFileReference; fileEncoding = 4; lastKnownFileType = sourcecode.c.h; path = ASIHTTPRequest.h; sourceTree = "<group>"; };
		E1F5DD99138A8EC9001C25B9 /* ASIHTTPRequest.m */ = {isa = PBXFileReference; fileEncoding = 4; lastKnownFileType = sourcecode.c.objc; path = ASIHTTPRequest.m; sourceTree = "<group>"; };
		E1F5DD9A138A8EC9001C25B9 /* ASIHTTPRequestConfig.h */ = {isa = PBXFileReference; fileEncoding = 4; lastKnownFileType = sourcecode.c.h; path = ASIHTTPRequestConfig.h; sourceTree = "<group>"; };
		E1F5DD9B138A8EC9001C25B9 /* ASIHTTPRequestDelegate.h */ = {isa = PBXFileReference; fileEncoding = 4; lastKnownFileType = sourcecode.c.h; path = ASIHTTPRequestDelegate.h; sourceTree = "<group>"; };
		E1F5DD9C138A8EC9001C25B9 /* ASIInputStream.h */ = {isa = PBXFileReference; fileEncoding = 4; lastKnownFileType = sourcecode.c.h; path = ASIInputStream.h; sourceTree = "<group>"; };
		E1F5DD9D138A8EC9001C25B9 /* ASIInputStream.m */ = {isa = PBXFileReference; fileEncoding = 4; lastKnownFileType = sourcecode.c.objc; path = ASIInputStream.m; sourceTree = "<group>"; };
		E1F5DD9E138A8EC9001C25B9 /* ASINetworkQueue.h */ = {isa = PBXFileReference; fileEncoding = 4; lastKnownFileType = sourcecode.c.h; path = ASINetworkQueue.h; sourceTree = "<group>"; };
		E1F5DD9F138A8EC9001C25B9 /* ASINetworkQueue.m */ = {isa = PBXFileReference; fileEncoding = 4; lastKnownFileType = sourcecode.c.objc; path = ASINetworkQueue.m; sourceTree = "<group>"; };
		E1F5DDA0138A8EC9001C25B9 /* ASIProgressDelegate.h */ = {isa = PBXFileReference; fileEncoding = 4; lastKnownFileType = sourcecode.c.h; path = ASIProgressDelegate.h; sourceTree = "<group>"; };
		E1F5DDAA138A8EEA001C25B9 /* Reachability.h */ = {isa = PBXFileReference; fileEncoding = 4; lastKnownFileType = sourcecode.c.h; path = Reachability.h; sourceTree = "<group>"; };
		E1F5DDAB138A8EEA001C25B9 /* Reachability.m */ = {isa = PBXFileReference; fileEncoding = 4; lastKnownFileType = sourcecode.c.objc; path = Reachability.m; sourceTree = "<group>"; };
		E1F5DDAD138A8F0C001C25B9 /* CFNetwork.framework */ = {isa = PBXFileReference; lastKnownFileType = wrapper.framework; name = CFNetwork.framework; path = System/Library/Frameworks/CFNetwork.framework; sourceTree = SDKROOT; };
		E1F5DDB1138A8F21001C25B9 /* MobileCoreServices.framework */ = {isa = PBXFileReference; lastKnownFileType = wrapper.framework; name = MobileCoreServices.framework; path = System/Library/Frameworks/MobileCoreServices.framework; sourceTree = SDKROOT; };
		E1F5DDB5138A8F2D001C25B9 /* libz.1.2.3.dylib */ = {isa = PBXFileReference; lastKnownFileType = "compiled.mach-o.dylib"; name = libz.1.2.3.dylib; path = usr/lib/libz.1.2.3.dylib; sourceTree = SDKROOT; };
		E1F5DDB7138A8F35001C25B9 /* SystemConfiguration.framework */ = {isa = PBXFileReference; lastKnownFileType = wrapper.framework; name = SystemConfiguration.framework; path = System/Library/Frameworks/SystemConfiguration.framework; sourceTree = SDKROOT; };
		E1F5DDCA138A8FB4001C25B9 /* constants.h */ = {isa = PBXFileReference; fileEncoding = 4; lastKnownFileType = sourcecode.c.h; path = constants.h; sourceTree = "<group>"; };
		E1F5DE08138A9206001C25B9 /* CDataScanner.h */ = {isa = PBXFileReference; fileEncoding = 4; lastKnownFileType = sourcecode.c.h; path = CDataScanner.h; sourceTree = "<group>"; };
		E1F5DE09138A9206001C25B9 /* CDataScanner.m */ = {isa = PBXFileReference; fileEncoding = 4; lastKnownFileType = sourcecode.c.objc; path = CDataScanner.m; sourceTree = "<group>"; };
		E1F5DE14138A9206001C25B9 /* CDataScanner_Extensions.h */ = {isa = PBXFileReference; fileEncoding = 4; lastKnownFileType = sourcecode.c.h; path = CDataScanner_Extensions.h; sourceTree = "<group>"; };
		E1F5DE15138A9206001C25B9 /* CDataScanner_Extensions.m */ = {isa = PBXFileReference; fileEncoding = 4; lastKnownFileType = sourcecode.c.objc; path = CDataScanner_Extensions.m; sourceTree = "<group>"; };
		E1F5DE16138A9206001C25B9 /* NSDictionary_JSONExtensions.h */ = {isa = PBXFileReference; fileEncoding = 4; lastKnownFileType = sourcecode.c.h; path = NSDictionary_JSONExtensions.h; sourceTree = "<group>"; };
		E1F5DE17138A9206001C25B9 /* NSDictionary_JSONExtensions.m */ = {isa = PBXFileReference; fileEncoding = 4; lastKnownFileType = sourcecode.c.objc; path = NSDictionary_JSONExtensions.m; sourceTree = "<group>"; };
		E1F5DE19138A9206001C25B9 /* CJSONDeserializer.h */ = {isa = PBXFileReference; fileEncoding = 4; lastKnownFileType = sourcecode.c.h; path = CJSONDeserializer.h; sourceTree = "<group>"; };
		E1F5DE1A138A9206001C25B9 /* CJSONDeserializer.m */ = {isa = PBXFileReference; fileEncoding = 4; lastKnownFileType = sourcecode.c.objc; path = CJSONDeserializer.m; sourceTree = "<group>"; };
		E1F5DE1B138A9206001C25B9 /* CJSONScanner.h */ = {isa = PBXFileReference; fileEncoding = 4; lastKnownFileType = sourcecode.c.h; path = CJSONScanner.h; sourceTree = "<group>"; };
		E1F5DE1C138A9206001C25B9 /* CJSONScanner.m */ = {isa = PBXFileReference; fileEncoding = 4; lastKnownFileType = sourcecode.c.objc; path = CJSONScanner.m; sourceTree = "<group>"; };
		E1F5DE1D138A9206001C25B9 /* CJSONSerializer.h */ = {isa = PBXFileReference; fileEncoding = 4; lastKnownFileType = sourcecode.c.h; path = CJSONSerializer.h; sourceTree = "<group>"; };
		E1F5DE1E138A9206001C25B9 /* CJSONSerializer.m */ = {isa = PBXFileReference; fileEncoding = 4; lastKnownFileType = sourcecode.c.objc; path = CJSONSerializer.m; sourceTree = "<group>"; };
		E1F5DE1F138A9206001C25B9 /* JSONRepresentation.h */ = {isa = PBXFileReference; fileEncoding = 4; lastKnownFileType = sourcecode.c.h; path = JSONRepresentation.h; sourceTree = "<group>"; };
		E1F5DE2D138A9259001C25B9 /* EventosJsonParser.h */ = {isa = PBXFileReference; fileEncoding = 4; lastKnownFileType = sourcecode.c.h; path = EventosJsonParser.h; sourceTree = "<group>"; };
		E1F5DE2E138A9259001C25B9 /* EventosJsonParser.m */ = {isa = PBXFileReference; fileEncoding = 4; lastKnownFileType = sourcecode.c.objc; path = EventosJsonParser.m; sourceTree = "<group>"; };
/* End PBXFileReference section */

/* Begin PBXFrameworksBuildPhase section */
		1D60588F0D05DD3D006BFB54 /* Frameworks */ = {
			isa = PBXFrameworksBuildPhase;
			buildActionMask = 2147483647;
			files = (
				1D60589F0D05DD5A006BFB54 /* Foundation.framework in Frameworks */,
				1DF5F4E00D08C38300B7A737 /* UIKit.framework in Frameworks */,
				2892E4100DC94CBA00A64D0F /* CoreGraphics.framework in Frameworks */,
				E1F5DDAE138A8F0C001C25B9 /* CFNetwork.framework in Frameworks */,
				E1F5DDB2138A8F21001C25B9 /* MobileCoreServices.framework in Frameworks */,
				E1F5DDB6138A8F2D001C25B9 /* libz.1.2.3.dylib in Frameworks */,
				E1F5DDB8138A8F35001C25B9 /* SystemConfiguration.framework in Frameworks */,
			);
			runOnlyForDeploymentPostprocessing = 0;
		};
/* End PBXFrameworksBuildPhase section */

/* Begin PBXGroup section */
		080E96DDFE201D6D7F000001 /* Classes */ = {
			isa = PBXGroup;
			children = (
				E1F5DE2C138A9244001C25B9 /* Helpers */,
				13A574641330FABA00469EFC /* EventoViewController.h */,
				13A574651330FABA00469EFC /* EventoViewController.m */,
				13A574661330FABA00469EFC /* EventoViewController.xib */,
				28C286DF0D94DF7D0034E888 /* RootViewController.h */,
				28C286E00D94DF7D0034E888 /* RootViewController.m */,
				1D3623240D0F684500981E51 /* AgendatechAppDelegate.h */,
				1D3623250D0F684500981E51 /* AgendatechAppDelegate.m */,
			);
			path = Classes;
			sourceTree = "<group>";
		};
		19C28FACFE9D520D11CA2CBB /* Products */ = {
			isa = PBXGroup;
			children = (
				1D6058910D05DD3D006BFB54 /* Agendatech.app */,
			);
			name = Products;
			sourceTree = "<group>";
		};
		29B97314FDCFA39411CA2CEA /* CustomTemplate */ = {
			isa = PBXGroup;
			children = (
				E1F5DDC9138A8FA0001C25B9 /* Util */,
				E1F5DD7D138A8EAC001C25B9 /* Librarys */,
				080E96DDFE201D6D7F000001 /* Classes */,
				29B97315FDCFA39411CA2CEA /* Other Sources */,
				29B97317FDCFA39411CA2CEA /* Resources */,
				29B97323FDCFA39411CA2CEA /* Frameworks */,
				19C28FACFE9D520D11CA2CBB /* Products */,
				13A5745B1330F70A00469EFC /* Evento.h */,
				13A5745C1330F70A00469EFC /* Evento.m */,
			);
			name = CustomTemplate;
			sourceTree = "<group>";
		};
		29B97315FDCFA39411CA2CEA /* Other Sources */ = {
			isa = PBXGroup;
			children = (
				29B97316FDCFA39411CA2CEA /* main.m */,
				28A0AAE50D9B0CCF005BE974 /* Agendatech_Prefix.pch */,
			);
			name = "Other Sources";
			sourceTree = "<group>";
		};
		29B97317FDCFA39411CA2CEA /* Resources */ = {
			isa = PBXGroup;
			children = (
				28F335F01007B36200424DE2 /* RootViewController.xib */,
				28AD735F0D9D9599002E5188 /* MainWindow.xib */,
				8D1107310486CEB800E47090 /* Agendatech-Info.plist */,
			);
			name = Resources;
			sourceTree = "<group>";
		};
		29B97323FDCFA39411CA2CEA /* Frameworks */ = {
			isa = PBXGroup;
			children = (
				1DF5F4DF0D08C38300B7A737 /* UIKit.framework */,
				1D30AB110D05D00D00671497 /* Foundation.framework */,
				2892E40F0DC94CBA00A64D0F /* CoreGraphics.framework */,
				E1F5DDAD138A8F0C001C25B9 /* CFNetwork.framework */,
				E1F5DDB1138A8F21001C25B9 /* MobileCoreServices.framework */,
				E1F5DDB5138A8F2D001C25B9 /* libz.1.2.3.dylib */,
				E1F5DDB7138A8F35001C25B9 /* SystemConfiguration.framework */,
			);
			name = Frameworks;
			sourceTree = "<group>";
		};
		E1F5DD7D138A8EAC001C25B9 /* Librarys */ = {
			isa = PBXGroup;
			children = (
				E1F5DE06138A91E0001C25B9 /* JSonTouch */,
				E1F5DDA9138A8EEA001C25B9 /* Reachability */,
				E1F5DD8B138A8EB6001C25B9 /* asi-http-request */,
			);
			name = Librarys;
			sourceTree = "<group>";
		};
		E1F5DD8B138A8EB6001C25B9 /* asi-http-request */ = {
			isa = PBXGroup;
			children = (
				E1F5DD8D138A8EC9001C25B9 /* ASIAuthenticationDialog.h */,
				E1F5DD8E138A8EC9001C25B9 /* ASIAuthenticationDialog.m */,
				E1F5DD8F138A8EC9001C25B9 /* ASICacheDelegate.h */,
				E1F5DD90138A8EC9001C25B9 /* ASIDataCompressor.h */,
				E1F5DD91138A8EC9001C25B9 /* ASIDataCompressor.m */,
				E1F5DD92138A8EC9001C25B9 /* ASIDataDecompressor.h */,
				E1F5DD93138A8EC9001C25B9 /* ASIDataDecompressor.m */,
				E1F5DD94138A8EC9001C25B9 /* ASIDownloadCache.h */,
				E1F5DD95138A8EC9001C25B9 /* ASIDownloadCache.m */,
				E1F5DD96138A8EC9001C25B9 /* ASIFormDataRequest.h */,
				E1F5DD97138A8EC9001C25B9 /* ASIFormDataRequest.m */,
				E1F5DD98138A8EC9001C25B9 /* ASIHTTPRequest.h */,
				E1F5DD99138A8EC9001C25B9 /* ASIHTTPRequest.m */,
				E1F5DD9A138A8EC9001C25B9 /* ASIHTTPRequestConfig.h */,
				E1F5DD9B138A8EC9001C25B9 /* ASIHTTPRequestDelegate.h */,
				E1F5DD9C138A8EC9001C25B9 /* ASIInputStream.h */,
				E1F5DD9D138A8EC9001C25B9 /* ASIInputStream.m */,
				E1F5DD9E138A8EC9001C25B9 /* ASINetworkQueue.h */,
				E1F5DD9F138A8EC9001C25B9 /* ASINetworkQueue.m */,
				E1F5DDA0138A8EC9001C25B9 /* ASIProgressDelegate.h */,
			);
			name = "asi-http-request";
			sourceTree = "<group>";
		};
		E1F5DDA9138A8EEA001C25B9 /* Reachability */ = {
			isa = PBXGroup;
			children = (
				E1F5DDAA138A8EEA001C25B9 /* Reachability.h */,
				E1F5DDAB138A8EEA001C25B9 /* Reachability.m */,
			);
			path = Reachability;
			sourceTree = "<group>";
		};
		E1F5DDC9138A8FA0001C25B9 /* Util */ = {
			isa = PBXGroup;
			children = (
				E1F5DDCA138A8FB4001C25B9 /* constants.h */,
			);
			name = Util;
			sourceTree = "<group>";
		};
		E1F5DE06138A91E0001C25B9 /* JSonTouch */ = {
			isa = PBXGroup;
			children = (
				E1F5DE08138A9206001C25B9 /* CDataScanner.h */,
				E1F5DE09138A9206001C25B9 /* CDataScanner.m */,
				E1F5DE13138A9206001C25B9 /* Extensions */,
				E1F5DE18138A9206001C25B9 /* JSON */,
			);
			name = JSonTouch;
			sourceTree = "<group>";
		};
		E1F5DE13138A9206001C25B9 /* Extensions */ = {
			isa = PBXGroup;
			children = (
				E1F5DE14138A9206001C25B9 /* CDataScanner_Extensions.h */,
				E1F5DE15138A9206001C25B9 /* CDataScanner_Extensions.m */,
				E1F5DE16138A9206001C25B9 /* NSDictionary_JSONExtensions.h */,
				E1F5DE17138A9206001C25B9 /* NSDictionary_JSONExtensions.m */,
			);
			path = Extensions;
			sourceTree = "<group>";
		};
		E1F5DE18138A9206001C25B9 /* JSON */ = {
			isa = PBXGroup;
			children = (
				E1F5DE19138A9206001C25B9 /* CJSONDeserializer.h */,
				E1F5DE1A138A9206001C25B9 /* CJSONDeserializer.m */,
				E1F5DE1B138A9206001C25B9 /* CJSONScanner.h */,
				E1F5DE1C138A9206001C25B9 /* CJSONScanner.m */,
				E1F5DE1D138A9206001C25B9 /* CJSONSerializer.h */,
				E1F5DE1E138A9206001C25B9 /* CJSONSerializer.m */,
				E1F5DE1F138A9206001C25B9 /* JSONRepresentation.h */,
			);
			path = JSON;
			sourceTree = "<group>";
		};
		E1F5DE2C138A9244001C25B9 /* Helpers */ = {
			isa = PBXGroup;
			children = (
				E1F5DE2D138A9259001C25B9 /* EventosJsonParser.h */,
				E1F5DE2E138A9259001C25B9 /* EventosJsonParser.m */,
			);
			name = Helpers;
			sourceTree = "<group>";
		};
/* End PBXGroup section */

/* Begin PBXNativeTarget section */
		1D6058900D05DD3D006BFB54 /* Agendatech */ = {
			isa = PBXNativeTarget;
			buildConfigurationList = 1D6058960D05DD3E006BFB54 /* Build configuration list for PBXNativeTarget "Agendatech" */;
			buildPhases = (
				1D60588D0D05DD3D006BFB54 /* Resources */,
				1D60588E0D05DD3D006BFB54 /* Sources */,
				1D60588F0D05DD3D006BFB54 /* Frameworks */,
			);
			buildRules = (
			);
			dependencies = (
			);
			name = Agendatech;
			productName = Agendatech;
			productReference = 1D6058910D05DD3D006BFB54 /* Agendatech.app */;
			productType = "com.apple.product-type.application";
		};
/* End PBXNativeTarget section */

/* Begin PBXProject section */
		29B97313FDCFA39411CA2CEA /* Project object */ = {
			isa = PBXProject;
			buildConfigurationList = C01FCF4E08A954540054247B /* Build configuration list for PBXProject "Agendatech" */;
			compatibilityVersion = "Xcode 3.1";
			developmentRegion = English;
			hasScannedForEncodings = 1;
			knownRegions = (
				English,
				Japanese,
				French,
				German,
				en,
			);
			mainGroup = 29B97314FDCFA39411CA2CEA /* CustomTemplate */;
			projectDirPath = "";
			projectRoot = "";
			targets = (
				1D6058900D05DD3D006BFB54 /* Agendatech */,
			);
		};
/* End PBXProject section */

/* Begin PBXResourcesBuildPhase section */
		1D60588D0D05DD3D006BFB54 /* Resources */ = {
			isa = PBXResourcesBuildPhase;
			buildActionMask = 2147483647;
			files = (
				28AD73600D9D9599002E5188 /* MainWindow.xib in Resources */,
				28F335F11007B36200424DE2 /* RootViewController.xib in Resources */,
				13A574681330FABA00469EFC /* EventoViewController.xib in Resources */,
			);
			runOnlyForDeploymentPostprocessing = 0;
		};
/* End PBXResourcesBuildPhase section */

/* Begin PBXSourcesBuildPhase section */
		1D60588E0D05DD3D006BFB54 /* Sources */ = {
			isa = PBXSourcesBuildPhase;
			buildActionMask = 2147483647;
			files = (
				1D60589B0D05DD56006BFB54 /* main.m in Sources */,
				1D3623260D0F684500981E51 /* AgendatechAppDelegate.m in Sources */,
				28C286E10D94DF7D0034E888 /* RootViewController.m in Sources */,
				13A5745D1330F70A00469EFC /* Evento.m in Sources */,
				13A574671330FABA00469EFC /* EventoViewController.m in Sources */,
				E1F5DDA1138A8EC9001C25B9 /* ASIAuthenticationDialog.m in Sources */,
				E1F5DDA2138A8EC9001C25B9 /* ASIDataCompressor.m in Sources */,
				E1F5DDA3138A8EC9001C25B9 /* ASIDataDecompressor.m in Sources */,
				E1F5DDA4138A8EC9001C25B9 /* ASIDownloadCache.m in Sources */,
				E1F5DDA5138A8EC9001C25B9 /* ASIFormDataRequest.m in Sources */,
				E1F5DDA6138A8EC9001C25B9 /* ASIHTTPRequest.m in Sources */,
				E1F5DDA7138A8EC9001C25B9 /* ASIInputStream.m in Sources */,
				E1F5DDA8138A8EC9001C25B9 /* ASINetworkQueue.m in Sources */,
				E1F5DDAC138A8EEA001C25B9 /* Reachability.m in Sources */,
				E1F5DE20138A9206001C25B9 /* CDataScanner.m in Sources */,
				E1F5DE25138A9206001C25B9 /* CDataScanner_Extensions.m in Sources */,
				E1F5DE26138A9206001C25B9 /* NSDictionary_JSONExtensions.m in Sources */,
				E1F5DE27138A9206001C25B9 /* CJSONDeserializer.m in Sources */,
				E1F5DE28138A9206001C25B9 /* CJSONScanner.m in Sources */,
				E1F5DE29138A9206001C25B9 /* CJSONSerializer.m in Sources */,
				E1F5DE2F138A9259001C25B9 /* EventosJsonParser.m in Sources */,
			);
			runOnlyForDeploymentPostprocessing = 0;
		};
/* End PBXSourcesBuildPhase section */

/* Begin XCBuildConfiguration section */
		1D6058940D05DD3E006BFB54 /* Debug */ = {
			isa = XCBuildConfiguration;
			buildSettings = {
				ALWAYS_SEARCH_USER_PATHS = NO;
				COPY_PHASE_STRIP = NO;
				GCC_DYNAMIC_NO_PIC = NO;
				GCC_OPTIMIZATION_LEVEL = 0;
				GCC_PRECOMPILE_PREFIX_HEADER = YES;
				GCC_PREFIX_HEADER = Agendatech_Prefix.pch;
				INFOPLIST_FILE = "Agendatech-Info.plist";
				PRODUCT_NAME = Agendatech;
			};
			name = Debug;
		};
		1D6058950D05DD3E006BFB54 /* Release */ = {
			isa = XCBuildConfiguration;
			buildSettings = {
				ALWAYS_SEARCH_USER_PATHS = NO;
				COPY_PHASE_STRIP = YES;
				GCC_PRECOMPILE_PREFIX_HEADER = YES;
				GCC_PREFIX_HEADER = Agendatech_Prefix.pch;
				INFOPLIST_FILE = "Agendatech-Info.plist";
				PRODUCT_NAME = Agendatech;
				VALIDATE_PRODUCT = YES;
			};
			name = Release;
		};
		C01FCF4F08A954540054247B /* Debug */ = {
			isa = XCBuildConfiguration;
			buildSettings = {
				ARCHS = "$(ARCHS_STANDARD_32_BIT)";
				"CODE_SIGN_IDENTITY[sdk=iphoneos*]" = "iPhone Developer";
				GCC_C_LANGUAGE_STANDARD = c99;
				GCC_WARN_ABOUT_RETURN_TYPE = YES;
				GCC_WARN_UNUSED_VARIABLE = YES;
				PREBINDING = NO;
				SDKROOT = iphoneos;
			};
			name = Debug;
		};
		C01FCF5008A954540054247B /* Release */ = {
			isa = XCBuildConfiguration;
			buildSettings = {
				ARCHS = "$(ARCHS_STANDARD_32_BIT)";
				"CODE_SIGN_IDENTITY[sdk=iphoneos*]" = "iPhone Developer";
				GCC_C_LANGUAGE_STANDARD = c99;
				GCC_WARN_ABOUT_RETURN_TYPE = YES;
				GCC_WARN_UNUSED_VARIABLE = YES;
				OTHER_CFLAGS = "-DNS_BLOCK_ASSERTIONS=1";
				PREBINDING = NO;
				SDKROOT = iphoneos;
			};
			name = Release;
		};
/* End XCBuildConfiguration section */

/* Begin XCConfigurationList section */
		1D6058960D05DD3E006BFB54 /* Build configuration list for PBXNativeTarget "Agendatech" */ = {
			isa = XCConfigurationList;
			buildConfigurations = (
				1D6058940D05DD3E006BFB54 /* Debug */,
				1D6058950D05DD3E006BFB54 /* Release */,
			);
			defaultConfigurationIsVisible = 0;
			defaultConfigurationName = Release;
		};
		C01FCF4E08A954540054247B /* Build configuration list for PBXProject "Agendatech" */ = {
			isa = XCConfigurationList;
			buildConfigurations = (
				C01FCF4F08A954540054247B /* Debug */,
				C01FCF5008A954540054247B /* Release */,
			);
			defaultConfigurationIsVisible = 0;
			defaultConfigurationName = Release;
		};
/* End XCConfigurationList section */
	};
	rootObject = 29B97313FDCFA39411CA2CEA /* Project object */;
}
